PODS:
  - AppAuth (1.3.0):
    - AppAuth/Core (= 1.3.0)
    - AppAuth/ExternalUserAgent (= 1.3.0)
  - AppAuth/Core (1.3.0)
  - AppAuth/ExternalUserAgent (1.3.0)

DEPENDENCIES:
  - AppAuth

SPEC REPOS:
  trunk:
    - AppAuth

SPEC CHECKSUMS:
  AppAuth: 73574f3013a1e65b9601a3ddc8b3158cce68c09d

PODFILE CHECKSUM: 47f4f6ebab8f0c799c5d7ccc49b1e98752157f72

COCOAPODS: 1.8.4
